
Microsoft Visual Studio Solution File, Format Version 12.00
# Visual Studio Version 16
VisualStudioVersion = 16.0.29728.190
MinimumVisualStudioVersion = 10.0.40219.1
Project("{FAE04EC0-301F-11D3-BF4B-00C04F79EFBC}") = "ImageRender", "ImageRender\ImageRender.csproj", "{D1827B42-90B6-44DD-AE74-85F42C8F7BDE}"
EndProject
Global
	GlobalSection(SolutionConfigurationPlatforms) = preSolution
		Debug|Any CPU = Debug|Any CPU
		Release|Any CPU = Release|Any CPU
	EndGlobalSection
	GlobalSection(ProjectConfigurationPlatforms) = postSolution
		{D1827B42-90B6-44DD-AE74-85F42C8F7BDE}.Debug|Any CPU.ActiveCfg = Debug|Any CPU
		{D1827B42-90B6-44DD-AE74-85F42C8F7BDE}.Debug|Any CPU.Build.0 = Debug|Any CPU
		{D1827B42-90B6-44DD-AE74-85F42C8F7BDE}.Release|Any CPU.ActiveCfg = Release|Any CPU
		{D1827B42-90B6-44DD-AE74-85F42C8F7BDE}.Release|Any CPU.Build.0 = Release|Any CPU
	EndGlobalSection
	GlobalSection(SolutionProperties) = preSolution
		HideSolutionNode = FALSE
	EndGlobalSection
	GlobalSection(ExtensibilityGlobals) = postSolution
		SolutionGuid = {3212EF0A-8E48-459E-A4D7-FFE6DAC3DF20}
	EndGlobalSection
EndGlobal
